
Microsoft Visual Studio Solution File, Format Version 12.00
# Visual Studio Version 17
VisualStudioVersion = 17.4.33110.190
MinimumVisualStudioVersion = 10.0.40219.1
Project("{FAE04EC0-301F-11D3-BF4B-00C04F79EFBC}") = "Resolucion", "Resolucion.csproj", "{3FF8B78A-8F14-4D20-ACBF-E430413BCD36}"
EndProject
Global
	GlobalSection(SolutionConfigurationPlatforms) = preSolution
		Debug|Any CPU = Debug|Any CPU
		Release|Any CPU = Release|Any CPU
	EndGlobalSection
	GlobalSection(ProjectConfigurationPlatforms) = postSolution
		{3FF8B78A-8F14-4D20-ACBF-E430413BCD36}.Debug|Any CPU.ActiveCfg = Debug|Any CPU
		{3FF8B78A-8F14-4D20-ACBF-E430413BCD36}.Debug|Any CPU.Build.0 = Debug|Any CPU
		{3FF8B78A-8F14-4D20-ACBF-E430413BCD36}.Release|Any CPU.ActiveCfg = Release|Any CPU
		{3FF8B78A-8F14-4D20-ACBF-E430413BCD36}.Release|Any CPU.Build.0 = Release|Any CPU
	EndGlobalSection
	GlobalSection(SolutionProperties) = preSolution
		HideSolutionNode = FALSE
	EndGlobalSection
	GlobalSection(ExtensibilityGlobals) = postSolution
		SolutionGuid = {58C8F8F1-2613-4084-A618-085639EE023C}
	EndGlobalSection
EndGlobal
